
Microsoft Visual Studio Solution File, Format Version 12.00
# Visual Studio 14
VisualStudioVersion = 14.0.25123.0
MinimumVisualStudioVersion = 10.0.40219.1
Project("{8BC9CEB8-8B4A-11D0-8D11-00A0C91BC942}") = "Game2048", "Game2048\Game2048.vcxproj", "{42880613-B1EA-4173-BF58-0CD80BEE8024}"
EndProject
Global
	GlobalSection(SolutionConfigurationPlatforms) = preSolution
		Debug|x64 = Debug|x64
		Debug|x86 = Debug|x86
		Release|x64 = Release|x64
		Release|x86 = Release|x86
	EndGlobalSection
	GlobalSection(ProjectConfigurationPlatforms) = postSolution
		{42880613-B1EA-4173-BF58-0CD80BEE8024}.Debug|x64.ActiveCfg = Debug|x64
		{42880613-B1EA-4173-BF58-0CD80BEE8024}.Debug|x64.Build.0 = Debug|x64
		{42880613-B1EA-4173-BF58-0CD80BEE8024}.Debug|x86.ActiveCfg = Debug|Win32
		{42880613-B1EA-4173-BF58-0CD80BEE8024}.Debug|x86.Build.0 = Debug|Win32
		{42880613-B1EA-4173-BF58-0CD80BEE8024}.Release|x64.ActiveCfg = Release|x64
		{42880613-B1EA-4173-BF58-0CD80BEE8024}.Release|x64.Build.0 = Release|x64
		{42880613-B1EA-4173-BF58-0CD80BEE8024}.Release|x86.ActiveCfg = Release|Win32
		{42880613-B1EA-4173-BF58-0CD80BEE8024}.Release|x86.Build.0 = Release|Win32
	EndGlobalSection
	GlobalSection(SolutionProperties) = preSolution
		HideSolutionNode = FALSE
	EndGlobalSection
	GlobalSection(TeamFoundationVersionControl) = preSolution
		SccNumberOfProjects = 2
		SccEnterpriseProvider = {4CA58AB2-18FA-4F8D-95D4-32DDF27D184C}
		SccTeamFoundationServer = https://geogeo.visualstudio.com/defaultcollection
		SccLocalPath0 = .
		SccProjectUniqueName1 = Game2048\\Game2048.vcxproj
		SccProjectName1 = Game2048
		SccLocalPath1 = Game2048
	EndGlobalSection
EndGlobal
